// !$*UTF8*$!
{
	archiveVersion = 1;
	classes = {
	};
	objectVersion = 46;
	objects = {

/* Begin PBXBuildFile section */
		C2EF17F41CE45A0C00615BDC /* main.m in Sources */ = {isa = PBXBuildFile; fileRef = C2EF17F31CE45A0C00615BDC /* main.m */; };
		C2EF17F71CE45A0C00615BDC /* AppDelegate.m in Sources */ = {isa = PBXBuildFile; fileRef = C2EF17F61CE45A0C00615BDC /* AppDelegate.m */; };
		C2EF17FA1CE45A0C00615BDC /* ViewController.m in Sources */ = {isa = PBXBuildFile; fileRef = C2EF17F91CE45A0C00615BDC /* ViewController.m */; };
		C2EF17FD1CE45A0C00615BDC /* Main.storyboard in Resources */ = {isa = PBXBuildFile; fileRef = C2EF17FB1CE45A0C00615BDC /* Main.storyboard */; };
		C2EF17FF1CE45A0C00615BDC /* Assets.xcassets in Resources */ = {isa = PBXBuildFile; fileRef = C2EF17FE1CE45A0C00615BDC /* Assets.xcassets */; };
		C2EF18021CE45A0C00615BDC /* LaunchScreen.storyboard in Resources */ = {isa = PBXBuildFile; fileRef = C2EF18001CE45A0C00615BDC /* LaunchScreen.storyboard */; };
/* End PBXBuildFile section */

/* Begin PBXFileReference section */
		C2EF17EF1CE45A0C00615BDC /* ZZJJLL.app */ = {isa = PBXFileReference; explicitFileType = wrapper.application; includeInIndex = 0; path = ZZJJLL.app; sourceTree = BUILT_PRODUCTS_DIR; };
		C2EF17F31CE45A0C00615BDC /* main.m */ = {isa = PBXFileReference; lastKnownFileType = sourcecode.c.objc; path = main.m; sourceTree = "<group>"; };
		C2EF17F51CE45A0C00615BDC /* AppDelegate.h */ = {isa = PBXFileReference; lastKnownFileType = sourcecode.c.h; path = AppDelegate.h; sourceTree = "<group>"; };
		C2EF17F61CE45A0C00615BDC /* AppDelegate.m */ = {isa = PBXFileReference; lastKnownFileType = sourcecode.c.objc; path = AppDelegate.m; sourceTree = "<group>"; };
		C2EF17F81CE45A0C00615BDC /* ViewController.h */ = {isa = PBXFileReference; lastKnownFileType = sourcecode.c.h; path = ViewController.h; sourceTree = "<group>"; };
		C2EF17F91CE45A0C00615BDC /* ViewController.m */ = {isa = PBXFileReference; lastKnownFileType = sourcecode.c.objc; path = ViewController.m; sourceTree = "<group>"; };
		C2EF17FC1CE45A0C00615BDC /* Base */ = {isa = PBXFileReference; lastKnownFileType = file.storyboard; name = Base; path = Base.lproj/Main.storyboard; sourceTree = "<group>"; };
		C2EF17FE1CE45A0C00615BDC /* Assets.xcassets */ = {isa = PBXFileReference; lastKnownFileType = folder.assetcatalog; path = Assets.xcassets; sourceTree = "<group>"; };
		C2EF18011CE45A0C00615BDC /* Base */ = {isa = PBXFileReference; lastKnownFileType = file.storyboard; name = Base; path = Base.lproj/LaunchScreen.storyboard; sourceTree = "<group>"; };
		C2EF18031CE45A0C00615BDC /* Info.plist */ = {isa = PBXFileReference; lastKnownFileType = text.plist.xml; path = Info.plist; sourceTree = "<group>"; };
/* End PBXFileReference section */

/* Begin PBXFrameworksBuildPhase section */
		C2EF17EC1CE45A0C00615BDC /* Frameworks */ = {
			isa = PBXFrameworksBuildPhase;
			buildActionMask = 2147483647;
			files = (
			);
			runOnlyForDeploymentPostprocessing = 0;
		};
/* End PBXFrameworksBuildPhase section */

/* Begin PBXGroup section */
		C2EF17E61CE45A0C00615BDC = {
			isa = PBXGroup;
			children = (
				C2EF17F11CE45A0C00615BDC /* ZZJJLL */,
				C2EF17F01CE45A0C00615BDC /* Products */,
			);
			sourceTree = "<group>";
		};
		C2EF17F01CE45A0C00615BDC /* Products */ = {
			isa = PBXGroup;
			children = (
				C2EF17EF1CE45A0C00615BDC /* ZZJJLL.app */,
			);
			name = Products;
			sourceTree = "<group>";
		};
		C2EF17F11CE45A0C00615BDC /* ZZJJLL */ = {
			isa = PBXGroup;
			children = (
				C2EF17F51CE45A0C00615BDC /* AppDelegate.h */,
				C2EF17F61CE45A0C00615BDC /* AppDelegate.m */,
				C2EF17F81CE45A0C00615BDC /* ViewController.h */,
				C2EF17F91CE45A0C00615BDC /* ViewController.m */,
				C2EF17FB1CE45A0C00615BDC /* Main.storyboard */,
				C2EF17FE1CE45A0C00615BDC /* Assets.xcassets */,
				C2EF18001CE45A0C00615BDC /* LaunchScreen.storyboard */,
				C2EF18031CE45A0C00615BDC /* Info.plist */,
				C2EF17F21CE45A0C00615BDC /* Supporting Files */,
			);
			path = ZZJJLL;
			sourceTree = "<group>";
		};
		C2EF17F21CE45A0C00615BDC /* Supporting Files */ = {
			isa = PBXGroup;
			children = (
				C2EF17F31CE45A0C00615BDC /* main.m */,
			);
			name = "Supporting Files";
			sourceTree = "<group>";
		};
/* End PBXGroup section */

/* Begin PBXNativeTarget section */
		C2EF17EE1CE45A0C00615BDC /* ZZJJLL */ = {
			isa = PBXNativeTarget;
			buildConfigurationList = C2EF18061CE45A0C00615BDC /* Build configuration list for PBXNativeTarget "ZZJJLL" */;
			buildPhases = (
				C2EF17EB1CE45A0C00615BDC /* Sources */,
				C2EF17EC1CE45A0C00615BDC /* Frameworks */,
				C2EF17ED1CE45A0C00615BDC /* Resources */,
			);
			buildRules = (
			);
			dependencies = (
			);
			name = ZZJJLL;
			productName = ZZJJLL;
			productReference = C2EF17EF1CE45A0C00615BDC /* ZZJJLL.app */;
			productType = "com.apple.product-type.application";
		};
/* End PBXNativeTarget section */

/* Begin PBXProject section */
		C2EF17E71CE45A0C00615BDC /* Project object */ = {
			isa = PBXProject;
			attributes = {
				LastUpgradeCheck = 0730;
				ORGANIZATIONNAME = WZL;
				TargetAttributes = {
					C2EF17EE1CE45A0C00615BDC = {
						CreatedOnToolsVersion = 7.3;
						DevelopmentTeam = 5SE3563PDA;
					};
				};
			};
			buildConfigurationList = C2EF17EA1CE45A0C00615BDC /* Build configuration list for PBXProject "ZZJJLL" */;
			compatibilityVersion = "Xcode 3.2";
			developmentRegion = English;
			hasScannedForEncodings = 0;
			knownRegions = (
				en,
				Base,
			);
			mainGroup = C2EF17E61CE45A0C00615BDC;
			productRefGroup = C2EF17F01CE45A0C00615BDC /* Products */;
			projectDirPath = "";
			projectRoot = "";
			targets = (
				C2EF17EE1CE45A0C00615BDC /* ZZJJLL */,
			);
		};
/* End PBXProject section */

/* Begin PBXResourcesBuildPhase section */
		C2EF17ED1CE45A0C00615BDC /* Resources */ = {
			isa = PBXResourcesBuildPhase;
			buildActionMask = 2147483647;
			files = (
				C2EF18021CE45A0C00615BDC /* LaunchScreen.storyboard in Resources */,
				C2EF17FF1CE45A0C00615BDC /* Assets.xcassets in Resources */,
				C2EF17FD1CE45A0C00615BDC /* Main.storyboard in Resources */,
			);
			runOnlyForDeploymentPostprocessing = 0;
		};
/* End PBXResourcesBuildPhase section */

/* Begin PBXSourcesBuildPhase section */
		C2EF17EB1CE45A0C00615BDC /* Sources */ = {
			isa = PBXSourcesBuildPhase;
			buildActionMask = 2147483647;
			files = (
				C2EF17FA1CE45A0C00615BDC /* ViewController.m in Sources */,
				C2EF17F71CE45A0C00615BDC /* AppDelegate.m in Sources */,
				C2EF17F41CE45A0C00615BDC /* main.m in Sources */,
			);
			runOnlyForDeploymentPostprocessing = 0;
		};
/* End PBXSourcesBuildPhase section */

/* Begin PBXVariantGroup section */
		C2EF17FB1CE45A0C00615BDC /* Main.storyboard */ = {
			isa = PBXVariantGroup;
			children = (
				C2EF17FC1CE45A0C00615BDC /* Base */,
			);
			name = Main.storyboard;
			sourceTree = "<group>";
		};
		C2EF18001CE45A0C00615BDC /* LaunchScreen.storyboard */ = {
			isa = PBXVariantGroup;
			children = (
				C2EF18011CE45A0C00615BDC /* Base */,
			);
			name = LaunchScreen.storyboard;
			sourceTree = "<group>";
		};
/* End PBXVariantGroup section */

/* Begin XCBuildConfiguration section */
		C2EF18041CE45A0C00615BDC /* Debug */ = {
			isa = XCBuildConfiguration;
			buildSettings = {
				ALWAYS_SEARCH_USER_PATHS = NO;
				CLANG_ANALYZER_NONNULL = YES;
				CLANG_CXX_LANGUAGE_STANDARD = "gnu++0x";
				CLANG_CXX_LIBRARY = "libc++";
				CLANG_ENABLE_MODULES = YES;
				CLANG_ENABLE_OBJC_ARC = YES;
				CLANG_WARN_BOOL_CONVERSION = YES;
				CLANG_WARN_CONSTANT_CONVERSION = YES;
				CLANG_WARN_DIRECT_OBJC_ISA_USAGE = YES_ERROR;
				CLANG_WARN_EMPTY_BODY = YES;
				CLANG_WARN_ENUM_CONVERSION = YES;
				CLANG_WARN_INT_CONVERSION = YES;
				CLANG_WARN_OBJC_ROOT_CLASS = YES_ERROR;
				CLANG_WARN_UNREACHABLE_CODE = YES;
				CLANG_WARN__DUPLICATE_METHOD_MATCH = YES;
				"CODE_SIGN_IDENTITY[sdk=iphoneos*]" = "iPhone Developer";
				COPY_PHASE_STRIP = NO;
				DEBUG_INFORMATION_FORMAT = dwarf;
				ENABLE_STRICT_OBJC_MSGSEND = YES;
				ENABLE_TESTABILITY = YES;
				GCC_C_LANGUAGE_STANDARD = gnu99;
				GCC_DYNAMIC_NO_PIC = NO;
				GCC_NO_COMMON_BLOCKS = YES;
				GCC_OPTIMIZATION_LEVEL = 0;
				GCC_PREPROCESSOR_DEFINITIONS = (
					"DEBUG=1",
					"$(inherited)",
				);
				GCC_WARN_64_TO_32_BIT_CONVERSION = YES;
				GCC_WARN_ABOUT_RETURN_TYPE = YES_ERROR;
				GCC_WARN_UNDECLARED_SELECTOR = YES;
				GCC_WARN_UNINITIALIZED_AUTOS = YES_AGGRESSIVE;
				GCC_WARN_UNUSED_FUNCTION = YES;
				GCC_WARN_UNUSED_VARIABLE = YES;
				IPHONEOS_DEPLOYMENT_TARGET = 9.3;
				MTL_ENABLE_DEBUG_INFO = YES;
				ONLY_ACTIVE_ARCH = YES;
				SDKROOT = iphoneos;
			};
			name = Debug;
		};
		C2EF18051CE45A0C00615BDC /* Release */ = {
			isa = XCBuildConfiguration;
			buildSettings = {
				ALWAYS_SEARCH_USER_PATHS = NO;
				CLANG_ANALYZER_NONNULL = YES;
				CLANG_CXX_LANGUAGE_STANDARD = "gnu++0x";
				CLANG_CXX_LIBRARY = "libc++";
				CLANG_ENABLE_MODULES = YES;
				CLANG_ENABLE_OBJC_ARC = YES;
				CLANG_WARN_BOOL_CONVERSION = YES;
				CLANG_WARN_CONSTANT_CONVERSION = YES;
				CLANG_WARN_DIRECT_OBJC_ISA_USAGE = YES_ERROR;
				CLANG_WARN_EMPTY_BODY = YES;
				CLANG_WARN_ENUM_CONVERSION = YES;
				CLANG_WARN_INT_CONVERSION = YES;
				CLANG_WARN_OBJC_ROOT_CLASS = YES_ERROR;
				CLANG_WARN_UNREACHABLE_CODE = YES;
				CLANG_WARN__DUPLICATE_METHOD_MATCH = YES;
				"CODE_SIGN_IDENTITY[sdk=iphoneos*]" = "iPhone Developer";
				COPY_PHASE_STRIP = NO;
				DEBUG_INFORMATION_FORMAT = "dwarf-with-dsym";
				ENABLE_NS_ASSERTIONS = NO;
				ENABLE_STRICT_OBJC_MSGSEND = YES;
				GCC_C_LANGUAGE_STANDARD = gnu99;
				GCC_NO_COMMON_BLOCKS = YES;
				GCC_WARN_64_TO_32_BIT_CONVERSION = YES;
				GCC_WARN_ABOUT_RETURN_TYPE = YES_ERROR;
				GCC_WARN_UNDECLARED_SELECTOR = YES;
				GCC_WARN_UNINITIALIZED_AUTOS = YES_AGGRESSIVE;
				GCC_WARN_UNUSED_FUNCTION = YES;
				GCC_WARN_UNUSED_VARIABLE = YES;
				IPHONEOS_DEPLOYMENT_TARGET = 9.3;
				MTL_ENABLE_DEBUG_INFO = NO;
				SDKROOT = iphoneos;
				VALIDATE_PRODUCT = YES;
			};
			name = Release;
		};
		C2EF18071CE45A0C00615BDC /* Debug */ = {
			isa = XCBuildConfiguration;
			buildSettings = {
				ASSETCATALOG_COMPILER_APPICON_NAME = AppIcon;
				INFOPLIST_FILE = ZZJJLL/Info.plist;
				LD_RUNPATH_SEARCH_PATHS = "$(inherited) @executable_path/Frameworks";
				PRODUCT_BUNDLE_IDENTIFIER = com.WZL.ZZJJLL;
				PRODUCT_NAME = "$(TARGET_NAME)";
			};
			name = Debug;
		};
		C2EF18081CE45A0C00615BDC /* Release */ = {
			isa = XCBuildConfiguration;
			buildSettings = {
				ASSETCATALOG_COMPILER_APPICON_NAME = AppIcon;
				INFOPLIST_FILE = ZZJJLL/Info.plist;
				LD_RUNPATH_SEARCH_PATHS = "$(inherited) @executable_path/Frameworks";
				PRODUCT_BUNDLE_IDENTIFIER = com.WZL.ZZJJLL;
				PRODUCT_NAME = "$(TARGET_NAME)";
			};
			name = Release;
		};
/* End XCBuildConfiguration section */

/* Begin XCConfigurationList section */
		C2EF17EA1CE45A0C00615BDC /* Build configuration list for PBXProject "ZZJJLL" */ = {
			isa = XCConfigurationList;
			buildConfigurations = (
				C2EF18041CE45A0C00615BDC /* Debug */,
				C2EF18051CE45A0C00615BDC /* Release */,
			);
			defaultConfigurationIsVisible = 0;
			defaultConfigurationName = Release;
		};
		C2EF18061CE45A0C00615BDC /* Build configuration list for PBXNativeTarget "ZZJJLL" */ = {
			isa = XCConfigurationList;
			buildConfigurations = (
				C2EF18071CE45A0C00615BDC /* Debug */,
				C2EF18081CE45A0C00615BDC /* Release */,
			);
			defaultConfigurationIsVisible = 0;
		};
/* End XCConfigurationList section */
	};
	rootObject = C2EF17E71CE45A0C00615BDC /* Project object */;
}
